
Microsoft Visual Studio Solution File, Format Version 12.00
# Visual Studio Version 16
VisualStudioVersion = 16.0.33027.164
MinimumVisualStudioVersion = 10.0.40219.1
Project("{FAE04EC0-301F-11D3-BF4B-00C04F79EFBC}") = "Architect3DGallery", "Architect3DGallery.csproj", "{6AF50FAC-7125-4D56-AC6C-F4963C8AFDA7}"
EndProject
Global
	GlobalSection(SolutionConfigurationPlatforms) = preSolution
		Debug|Any CPU = Debug|Any CPU
		Release|Any CPU = Release|Any CPU
	EndGlobalSection
	GlobalSection(ProjectConfigurationPlatforms) = postSolution
		{6AF50FAC-7125-4D56-AC6C-F4963C8AFDA7}.Debug|Any CPU.ActiveCfg = Debug|Any CPU
		{6AF50FAC-7125-4D56-AC6C-F4963C8AFDA7}.Debug|Any CPU.Build.0 = Debug|Any CPU
		{6AF50FAC-7125-4D56-AC6C-F4963C8AFDA7}.Release|Any CPU.ActiveCfg = Release|Any CPU
		{6AF50FAC-7125-4D56-AC6C-F4963C8AFDA7}.Release|Any CPU.Build.0 = Release|Any CPU
	EndGlobalSection
	GlobalSection(SolutionProperties) = preSolution
		HideSolutionNode = FALSE
	EndGlobalSection
	GlobalSection(ExtensibilityGlobals) = postSolution
		SolutionGuid = {2860C3CD-3FCB-46AB-8701-50A313857DEB}
	EndGlobalSection
EndGlobal
